{
    "requires": true,
    "lockfileVersion": 1,
    "dependencies": {
        "react-device-detect": {
            "version": "1.9.10",
            "resolved": "https://registry.npmjs.org/react-device-detect/-/react-device-detect-1.9.10.tgz",
            "integrity": "sha512-Rb618NuNwJojJeIgI5UoONwztbd4wMT4TBofzvYOHnPNu61LYYz8b78cXQb7kXRrPn6iI5T1gFtNQh0GxHEPxw==",
            "requires": {
                "ua-parser-js": "^0.7.20"
            }
        },
        "ua-parser-js": {
            "version": "0.7.20",
            "resolved": "https://registry.npmjs.org/ua-parser-js/-/ua-parser-js-0.7.20.tgz",
            "integrity": "sha512-8OaIKfzL5cpx8eCMAhhvTlft8GYF8b2eQr6JkCyVdrgjcytyOmPCXrqXFcUnhonRpLlh5yxEZVohm6mzaowUOw=="
        }
    }
}
